// !$*UTF8*$!
{
	archiveVersion = 1;
	classes = {
	};
	objectVersion = 56;
	objects = {

/* Begin PBXBuildFile section */
		CD3795E62A6054420050DB64 /* ViewModel.swift in Sources */ = {isa = PBXBuildFile; fileRef = CD3795E52A6054420050DB64 /* ViewModel.swift */; };
		CDB9C4AC2A1F706A00527DF7 /* Extensions.swift in Sources */ = {isa = PBXBuildFile; fileRef = CDB9C4AB2A1F706A00527DF7 /* Extensions.swift */; };
		CDB9C4AF2A1FD5D600527DF7 /* MLManager.swift in Sources */ = {isa = PBXBuildFile; fileRef = CDB9C4AE2A1FD5D600527DF7 /* MLManager.swift */; };
		CDB9C4B12A1FDD7000527DF7 /* VideoWriter.swift in Sources */ = {isa = PBXBuildFile; fileRef = CDB9C4B02A1FDD7000527DF7 /* VideoWriter.swift */; };
		CDB9C4B62A20002200527DF7 /* music.aac in Resources */ = {isa = PBXBuildFile; fileRef = CDB9C4B52A1FFC1200527DF7 /* music.aac */; };
		CDCE5BF829DF37E90098CD2E /* AppDelegate.swift in Sources */ = {isa = PBXBuildFile; fileRef = CDCE5BF729DF37E90098CD2E /* AppDelegate.swift */; };
		CDCE5BFA29DF37E90098CD2E /* SceneDelegate.swift in Sources */ = {isa = PBXBuildFile; fileRef = CDCE5BF929DF37E90098CD2E /* SceneDelegate.swift */; };
		CDCE5BFC29DF37E90098CD2E /* ViewController.swift in Sources */ = {isa = PBXBuildFile; fileRef = CDCE5BFB29DF37E90098CD2E /* ViewController.swift */; };
		CDCE5BFF29DF37E90098CD2E /* Main.storyboard in Resources */ = {isa = PBXBuildFile; fileRef = CDCE5BFD29DF37E90098CD2E /* Main.storyboard */; };
		CDCE5C0129DF37EA0098CD2E /* Assets.xcassets in Resources */ = {isa = PBXBuildFile; fileRef = CDCE5C0029DF37EA0098CD2E /* Assets.xcassets */; };
		CDCE5C0429DF37EA0098CD2E /* LaunchScreen.storyboard in Resources */ = {isa = PBXBuildFile; fileRef = CDCE5C0229DF37EA0098CD2E /* LaunchScreen.storyboard */; };
		CDCE5C1A29DF389B0098CD2E /* ImageStorage.swift in Sources */ = {isa = PBXBuildFile; fileRef = CDCE5C1929DF389B0098CD2E /* ImageStorage.swift */; };
		CDCE5C1C29DF3BC00098CD2E /* segmentation_8bit.mlmodel in Sources */ = {isa = PBXBuildFile; fileRef = CDCE5C1B29DF3BC00098CD2E /* segmentation_8bit.mlmodel */; };
/* End PBXBuildFile section */

/* Begin PBXFileReference section */
		CD3795E52A6054420050DB64 /* ViewModel.swift */ = {isa = PBXFileReference; lastKnownFileType = sourcecode.swift; path = ViewModel.swift; sourceTree = "<group>"; };
		CDB9C4AB2A1F706A00527DF7 /* Extensions.swift */ = {isa = PBXFileReference; lastKnownFileType = sourcecode.swift; path = Extensions.swift; sourceTree = "<group>"; };
		CDB9C4AE2A1FD5D600527DF7 /* MLManager.swift */ = {isa = PBXFileReference; lastKnownFileType = sourcecode.swift; path = MLManager.swift; sourceTree = "<group>"; };
		CDB9C4B02A1FDD7000527DF7 /* VideoWriter.swift */ = {isa = PBXFileReference; lastKnownFileType = sourcecode.swift; path = VideoWriter.swift; sourceTree = "<group>"; };
		CDB9C4B52A1FFC1200527DF7 /* music.aac */ = {isa = PBXFileReference; lastKnownFileType = file; path = music.aac; sourceTree = "<group>"; };
		CDCE5BF429DF37E90098CD2E /* TestCoreMl.app */ = {isa = PBXFileReference; explicitFileType = wrapper.application; includeInIndex = 0; path = TestCoreMl.app; sourceTree = BUILT_PRODUCTS_DIR; };
		CDCE5BF729DF37E90098CD2E /* AppDelegate.swift */ = {isa = PBXFileReference; lastKnownFileType = sourcecode.swift; path = AppDelegate.swift; sourceTree = "<group>"; };
		CDCE5BF929DF37E90098CD2E /* SceneDelegate.swift */ = {isa = PBXFileReference; lastKnownFileType = sourcecode.swift; path = SceneDelegate.swift; sourceTree = "<group>"; };
		CDCE5BFB29DF37E90098CD2E /* ViewController.swift */ = {isa = PBXFileReference; lastKnownFileType = sourcecode.swift; path = ViewController.swift; sourceTree = "<group>"; };
		CDCE5BFE29DF37E90098CD2E /* Base */ = {isa = PBXFileReference; lastKnownFileType = file.storyboard; name = Base; path = Base.lproj/Main.storyboard; sourceTree = "<group>"; };
		CDCE5C0029DF37EA0098CD2E /* Assets.xcassets */ = {isa = PBXFileReference; lastKnownFileType = folder.assetcatalog; path = Assets.xcassets; sourceTree = "<group>"; };
		CDCE5C0329DF37EA0098CD2E /* Base */ = {isa = PBXFileReference; lastKnownFileType = file.storyboard; name = Base; path = Base.lproj/LaunchScreen.storyboard; sourceTree = "<group>"; };
		CDCE5C0529DF37EA0098CD2E /* Info.plist */ = {isa = PBXFileReference; lastKnownFileType = text.plist.xml; path = Info.plist; sourceTree = "<group>"; };
		CDCE5C1929DF389B0098CD2E /* ImageStorage.swift */ = {isa = PBXFileReference; lastKnownFileType = sourcecode.swift; path = ImageStorage.swift; sourceTree = "<group>"; };
		CDCE5C1B29DF3BC00098CD2E /* segmentation_8bit.mlmodel */ = {isa = PBXFileReference; lastKnownFileType = file.mlmodel; name = segmentation_8bit.mlmodel; path = ../../../Downloads/segmentation_8bit.mlmodel; sourceTree = "<group>"; };
/* End PBXFileReference section */

/* Begin PBXFrameworksBuildPhase section */
		CDCE5BF129DF37E90098CD2E /* Frameworks */ = {
			isa = PBXFrameworksBuildPhase;
			buildActionMask = 2147483647;
			files = (
			);
			runOnlyForDeploymentPostprocessing = 0;
		};
/* End PBXFrameworksBuildPhase section */

/* Begin PBXGroup section */
		CD3795E42A6054320050DB64 /* Main */ = {
			isa = PBXGroup;
			children = (
				CD3795E52A6054420050DB64 /* ViewModel.swift */,
			);
			path = Main;
			sourceTree = "<group>";
		};
		CDCE5BEB29DF37E90098CD2E = {
			isa = PBXGroup;
			children = (
				CDCE5BF629DF37E90098CD2E /* TestCoreMl */,
				CDCE5BF529DF37E90098CD2E /* Products */,
			);
			sourceTree = "<group>";
		};
		CDCE5BF529DF37E90098CD2E /* Products */ = {
			isa = PBXGroup;
			children = (
				CDCE5BF429DF37E90098CD2E /* TestCoreMl.app */,
			);
			name = Products;
			sourceTree = "<group>";
		};
		CDCE5BF629DF37E90098CD2E /* TestCoreMl */ = {
			isa = PBXGroup;
			children = (
				CD3795E42A6054320050DB64 /* Main */,
				CDB9C4B52A1FFC1200527DF7 /* music.aac */,
				CDCE5BF729DF37E90098CD2E /* AppDelegate.swift */,
				CDCE5BF929DF37E90098CD2E /* SceneDelegate.swift */,
				CDCE5BFB29DF37E90098CD2E /* ViewController.swift */,
				CDCE5BFD29DF37E90098CD2E /* Main.storyboard */,
				CDCE5C0029DF37EA0098CD2E /* Assets.xcassets */,
				CDCE5C0229DF37EA0098CD2E /* LaunchScreen.storyboard */,
				CDCE5C0529DF37EA0098CD2E /* Info.plist */,
				CDCE5C1929DF389B0098CD2E /* ImageStorage.swift */,
				CDCE5C1B29DF3BC00098CD2E /* segmentation_8bit.mlmodel */,
				CDB9C4AB2A1F706A00527DF7 /* Extensions.swift */,
				CDB9C4AE2A1FD5D600527DF7 /* MLManager.swift */,
				CDB9C4B02A1FDD7000527DF7 /* VideoWriter.swift */,
			);
			path = TestCoreMl;
			sourceTree = "<group>";
		};
/* End PBXGroup section */

/* Begin PBXNativeTarget section */
		CDCE5BF329DF37E90098CD2E /* TestCoreMl */ = {
			isa = PBXNativeTarget;
			buildConfigurationList = CDCE5C0829DF37EA0098CD2E /* Build configuration list for PBXNativeTarget "TestCoreMl" */;
			buildPhases = (
				CDCE5BF029DF37E90098CD2E /* Sources */,
				CDCE5BF129DF37E90098CD2E /* Frameworks */,
				CDCE5BF229DF37E90098CD2E /* Resources */,
			);
			buildRules = (
			);
			dependencies = (
			);
			name = TestCoreMl;
			productName = TestCoreMl;
			productReference = CDCE5BF429DF37E90098CD2E /* TestCoreMl.app */;
			productType = "com.apple.product-type.application";
		};
/* End PBXNativeTarget section */

/* Begin PBXProject section */
		CDCE5BEC29DF37E90098CD2E /* Project object */ = {
			isa = PBXProject;
			attributes = {
				BuildIndependentTargetsInParallel = 1;
				LastSwiftUpdateCheck = 1420;
				LastUpgradeCheck = 1420;
				TargetAttributes = {
					CDCE5BF329DF37E90098CD2E = {
						CreatedOnToolsVersion = 14.2;
					};
				};
			};
			buildConfigurationList = CDCE5BEF29DF37E90098CD2E /* Build configuration list for PBXProject "TestCoreMl" */;
			compatibilityVersion = "Xcode 14.0";
			developmentRegion = en;
			hasScannedForEncodings = 0;
			knownRegions = (
				en,
				Base,
			);
			mainGroup = CDCE5BEB29DF37E90098CD2E;
			productRefGroup = CDCE5BF529DF37E90098CD2E /* Products */;
			projectDirPath = "";
			projectRoot = "";
			targets = (
				CDCE5BF329DF37E90098CD2E /* TestCoreMl */,
			);
		};
/* End PBXProject section */

/* Begin PBXResourcesBuildPhase section */
		CDCE5BF229DF37E90098CD2E /* Resources */ = {
			isa = PBXResourcesBuildPhase;
			buildActionMask = 2147483647;
			files = (
				CDCE5C0429DF37EA0098CD2E /* LaunchScreen.storyboard in Resources */,
				CDB9C4B62A20002200527DF7 /* music.aac in Resources */,
				CDCE5C0129DF37EA0098CD2E /* Assets.xcassets in Resources */,
				CDCE5BFF29DF37E90098CD2E /* Main.storyboard in Resources */,
			);
			runOnlyForDeploymentPostprocessing = 0;
		};
/* End PBXResourcesBuildPhase section */

/* Begin PBXSourcesBuildPhase section */
		CDCE5BF029DF37E90098CD2E /* Sources */ = {
			isa = PBXSourcesBuildPhase;
			buildActionMask = 2147483647;
			files = (
				CDB9C4B12A1FDD7000527DF7 /* VideoWriter.swift in Sources */,
				CD3795E62A6054420050DB64 /* ViewModel.swift in Sources */,
				CDCE5BFC29DF37E90098CD2E /* ViewController.swift in Sources */,
				CDB9C4AF2A1FD5D600527DF7 /* MLManager.swift in Sources */,
				CDB9C4AC2A1F706A00527DF7 /* Extensions.swift in Sources */,
				CDCE5C1A29DF389B0098CD2E /* ImageStorage.swift in Sources */,
				CDCE5BF829DF37E90098CD2E /* AppDelegate.swift in Sources */,
				CDCE5C1C29DF3BC00098CD2E /* segmentation_8bit.mlmodel in Sources */,
				CDCE5BFA29DF37E90098CD2E /* SceneDelegate.swift in Sources */,
			);
			runOnlyForDeploymentPostprocessing = 0;
		};
/* End PBXSourcesBuildPhase section */

/* Begin PBXVariantGroup section */
		CDCE5BFD29DF37E90098CD2E /* Main.storyboard */ = {
			isa = PBXVariantGroup;
			children = (
				CDCE5BFE29DF37E90098CD2E /* Base */,
			);
			name = Main.storyboard;
			sourceTree = "<group>";
		};
		CDCE5C0229DF37EA0098CD2E /* LaunchScreen.storyboard */ = {
			isa = PBXVariantGroup;
			children = (
				CDCE5C0329DF37EA0098CD2E /* Base */,
			);
			name = LaunchScreen.storyboard;
			sourceTree = "<group>";
		};
/* End PBXVariantGroup section */

/* Begin XCBuildConfiguration section */
		CDCE5C0629DF37EA0098CD2E /* Debug */ = {
			isa = XCBuildConfiguration;
			buildSettings = {
				ALWAYS_SEARCH_USER_PATHS = NO;
				CLANG_ANALYZER_NONNULL = YES;
				CLANG_ANALYZER_NUMBER_OBJECT_CONVERSION = YES_AGGRESSIVE;
				CLANG_CXX_LANGUAGE_STANDARD = "gnu++20";
				CLANG_ENABLE_MODULES = YES;
				CLANG_ENABLE_OBJC_ARC = YES;
				CLANG_ENABLE_OBJC_WEAK = YES;
				CLANG_WARN_BLOCK_CAPTURE_AUTORELEASING = YES;
				CLANG_WARN_BOOL_CONVERSION = YES;
				CLANG_WARN_COMMA = YES;
				CLANG_WARN_CONSTANT_CONVERSION = YES;
				CLANG_WARN_DEPRECATED_OBJC_IMPLEMENTATIONS = YES;
				CLANG_WARN_DIRECT_OBJC_ISA_USAGE = YES_ERROR;
				CLANG_WARN_DOCUMENTATION_COMMENTS = YES;
				CLANG_WARN_EMPTY_BODY = YES;
				CLANG_WARN_ENUM_CONVERSION = YES;
				CLANG_WARN_INFINITE_RECURSION = YES;
				CLANG_WARN_INT_CONVERSION = YES;
				CLANG_WARN_NON_LITERAL_NULL_CONVERSION = YES;
				CLANG_WARN_OBJC_IMPLICIT_RETAIN_SELF = YES;
				CLANG_WARN_OBJC_LITERAL_CONVERSION = YES;
				CLANG_WARN_OBJC_ROOT_CLASS = YES_ERROR;
				CLANG_WARN_QUOTED_INCLUDE_IN_FRAMEWORK_HEADER = YES;
				CLANG_WARN_RANGE_LOOP_ANALYSIS = YES;
				CLANG_WARN_STRICT_PROTOTYPES = YES;
				CLANG_WARN_SUSPICIOUS_MOVE = YES;
				CLANG_WARN_UNGUARDED_AVAILABILITY = YES_AGGRESSIVE;
				CLANG_WARN_UNREACHABLE_CODE = YES;
				CLANG_WARN__DUPLICATE_METHOD_MATCH = YES;
				COPY_PHASE_STRIP = NO;
				DEBUG_INFORMATION_FORMAT = dwarf;
				ENABLE_STRICT_OBJC_MSGSEND = YES;
				ENABLE_TESTABILITY = YES;
				GCC_C_LANGUAGE_STANDARD = gnu11;
				GCC_DYNAMIC_NO_PIC = NO;
				GCC_NO_COMMON_BLOCKS = YES;
				GCC_OPTIMIZATION_LEVEL = 0;
				GCC_PREPROCESSOR_DEFINITIONS = (
					"DEBUG=1",
					"$(inherited)",
				);
				GCC_WARN_64_TO_32_BIT_CONVERSION = YES;
				GCC_WARN_ABOUT_RETURN_TYPE = YES_ERROR;
				GCC_WARN_UNDECLARED_SELECTOR = YES;
				GCC_WARN_UNINITIALIZED_AUTOS = YES_AGGRESSIVE;
				GCC_WARN_UNUSED_FUNCTION = YES;
				GCC_WARN_UNUSED_VARIABLE = YES;
				IPHONEOS_DEPLOYMENT_TARGET = 16.2;
				MTL_ENABLE_DEBUG_INFO = INCLUDE_SOURCE;
				MTL_FAST_MATH = YES;
				ONLY_ACTIVE_ARCH = YES;
				SDKROOT = iphoneos;
				SWIFT_ACTIVE_COMPILATION_CONDITIONS = DEBUG;
				SWIFT_OPTIMIZATION_LEVEL = "-Onone";
			};
			name = Debug;
		};
		CDCE5C0729DF37EA0098CD2E /* Release */ = {
			isa = XCBuildConfiguration;
			buildSettings = {
				ALWAYS_SEARCH_USER_PATHS = NO;
				CLANG_ANALYZER_NONNULL = YES;
				CLANG_ANALYZER_NUMBER_OBJECT_CONVERSION = YES_AGGRESSIVE;
				CLANG_CXX_LANGUAGE_STANDARD = "gnu++20";
				CLANG_ENABLE_MODULES = YES;
				CLANG_ENABLE_OBJC_ARC = YES;
				CLANG_ENABLE_OBJC_WEAK = YES;
				CLANG_WARN_BLOCK_CAPTURE_AUTORELEASING = YES;
				CLANG_WARN_BOOL_CONVERSION = YES;
				CLANG_WARN_COMMA = YES;
				CLANG_WARN_CONSTANT_CONVERSION = YES;
				CLANG_WARN_DEPRECATED_OBJC_IMPLEMENTATIONS = YES;
				CLANG_WARN_DIRECT_OBJC_ISA_USAGE = YES_ERROR;
				CLANG_WARN_DOCUMENTATION_COMMENTS = YES;
				CLANG_WARN_EMPTY_BODY = YES;
				CLANG_WARN_ENUM_CONVERSION = YES;
				CLANG_WARN_INFINITE_RECURSION = YES;
				CLANG_WARN_INT_CONVERSION = YES;
				CLANG_WARN_NON_LITERAL_NULL_CONVERSION = YES;
				CLANG_WARN_OBJC_IMPLICIT_RETAIN_SELF = YES;
				CLANG_WARN_OBJC_LITERAL_CONVERSION = YES;
				CLANG_WARN_OBJC_ROOT_CLASS = YES_ERROR;
				CLANG_WARN_QUOTED_INCLUDE_IN_FRAMEWORK_HEADER = YES;
				CLANG_WARN_RANGE_LOOP_ANALYSIS = YES;
				CLANG_WARN_STRICT_PROTOTYPES = YES;
				CLANG_WARN_SUSPICIOUS_MOVE = YES;
				CLANG_WARN_UNGUARDED_AVAILABILITY = YES_AGGRESSIVE;
				CLANG_WARN_UNREACHABLE_CODE = YES;
				CLANG_WARN__DUPLICATE_METHOD_MATCH = YES;
				COPY_PHASE_STRIP = NO;
				DEBUG_INFORMATION_FORMAT = "dwarf-with-dsym";
				ENABLE_NS_ASSERTIONS = NO;
				ENABLE_STRICT_OBJC_MSGSEND = YES;
				GCC_C_LANGUAGE_STANDARD = gnu11;
				GCC_NO_COMMON_BLOCKS = YES;
				GCC_WARN_64_TO_32_BIT_CONVERSION = YES;
				GCC_WARN_ABOUT_RETURN_TYPE = YES_ERROR;
				GCC_WARN_UNDECLARED_SELECTOR = YES;
				GCC_WARN_UNINITIALIZED_AUTOS = YES_AGGRESSIVE;
				GCC_WARN_UNUSED_FUNCTION = YES;
				GCC_WARN_UNUSED_VARIABLE = YES;
				IPHONEOS_DEPLOYMENT_TARGET = 16.2;
				MTL_ENABLE_DEBUG_INFO = NO;
				MTL_FAST_MATH = YES;
				SDKROOT = iphoneos;
				SWIFT_COMPILATION_MODE = wholemodule;
				SWIFT_OPTIMIZATION_LEVEL = "-O";
				VALIDATE_PRODUCT = YES;
			};
			name = Release;
		};
		CDCE5C0929DF37EA0098CD2E /* Debug */ = {
			isa = XCBuildConfiguration;
			buildSettings = {
				ASSETCATALOG_COMPILER_APPICON_NAME = AppIcon;
				ASSETCATALOG_COMPILER_GLOBAL_ACCENT_COLOR_NAME = AccentColor;
				CODE_SIGN_STYLE = Automatic;
				CURRENT_PROJECT_VERSION = 1;
				GENERATE_INFOPLIST_FILE = YES;
				INFOPLIST_FILE = TestCoreMl/Info.plist;
				INFOPLIST_KEY_UIApplicationSupportsIndirectInputEvents = YES;
				INFOPLIST_KEY_UILaunchStoryboardName = LaunchScreen;
				INFOPLIST_KEY_UIMainStoryboardFile = Main;
				INFOPLIST_KEY_UISupportedInterfaceOrientations_iPad = "UIInterfaceOrientationPortrait UIInterfaceOrientationPortraitUpsideDown UIInterfaceOrientationLandscapeLeft UIInterfaceOrientationLandscapeRight";
				INFOPLIST_KEY_UISupportedInterfaceOrientations_iPhone = "UIInterfaceOrientationPortrait UIInterfaceOrientationLandscapeLeft UIInterfaceOrientationLandscapeRight";
				LD_RUNPATH_SEARCH_PATHS = (
					"$(inherited)",
					"@executable_path/Frameworks",
				);
				MARKETING_VERSION = 1.0;
				PRODUCT_BUNDLE_IDENTIFIER = TestCoreMl.TestCoreMl;
				PRODUCT_NAME = "$(TARGET_NAME)";
				SWIFT_EMIT_LOC_STRINGS = YES;
				SWIFT_VERSION = 5.0;
				TARGETED_DEVICE_FAMILY = "1,2";
			};
			name = Debug;
		};
		CDCE5C0A29DF37EA0098CD2E /* Release */ = {
			isa = XCBuildConfiguration;
			buildSettings = {
				ASSETCATALOG_COMPILER_APPICON_NAME = AppIcon;
				ASSETCATALOG_COMPILER_GLOBAL_ACCENT_COLOR_NAME = AccentColor;
				CODE_SIGN_STYLE = Automatic;
				CURRENT_PROJECT_VERSION = 1;
				GENERATE_INFOPLIST_FILE = YES;
				INFOPLIST_FILE = TestCoreMl/Info.plist;
				INFOPLIST_KEY_UIApplicationSupportsIndirectInputEvents = YES;
				INFOPLIST_KEY_UILaunchStoryboardName = LaunchScreen;
				INFOPLIST_KEY_UIMainStoryboardFile = Main;
				INFOPLIST_KEY_UISupportedInterfaceOrientations_iPad = "UIInterfaceOrientationPortrait UIInterfaceOrientationPortraitUpsideDown UIInterfaceOrientationLandscapeLeft UIInterfaceOrientationLandscapeRight";
				INFOPLIST_KEY_UISupportedInterfaceOrientations_iPhone = "UIInterfaceOrientationPortrait UIInterfaceOrientationLandscapeLeft UIInterfaceOrientationLandscapeRight";
				LD_RUNPATH_SEARCH_PATHS = (
					"$(inherited)",
					"@executable_path/Frameworks",
				);
				MARKETING_VERSION = 1.0;
				PRODUCT_BUNDLE_IDENTIFIER = TestCoreMl.TestCoreMl;
				PRODUCT_NAME = "$(TARGET_NAME)";
				SWIFT_EMIT_LOC_STRINGS = YES;
				SWIFT_VERSION = 5.0;
				TARGETED_DEVICE_FAMILY = "1,2";
			};
			name = Release;
		};
/* End XCBuildConfiguration section */

/* Begin XCConfigurationList section */
		CDCE5BEF29DF37E90098CD2E /* Build configuration list for PBXProject "TestCoreMl" */ = {
			isa = XCConfigurationList;
			buildConfigurations = (
				CDCE5C0629DF37EA0098CD2E /* Debug */,
				CDCE5C0729DF37EA0098CD2E /* Release */,
			);
			defaultConfigurationIsVisible = 0;
			defaultConfigurationName = Release;
		};
		CDCE5C0829DF37EA0098CD2E /* Build configuration list for PBXNativeTarget "TestCoreMl" */ = {
			isa = XCConfigurationList;
			buildConfigurations = (
				CDCE5C0929DF37EA0098CD2E /* Debug */,
				CDCE5C0A29DF37EA0098CD2E /* Release */,
			);
			defaultConfigurationIsVisible = 0;
			defaultConfigurationName = Release;
		};
/* End XCConfigurationList section */
	};
	rootObject = CDCE5BEC29DF37E90098CD2E /* Project object */;
}
